<?xml version="1.0" encoding="utf-8"?>
<Project ToolsVersion="4.0" xmlns="http://schemas.microsoft.com/developer/msbuild/2003">
  <ItemGroup>
    <Filter Include="Source Files">
      <UniqueIdentifier>{4FC737F1-C7A5-4376-A066-2A32D752A2FF}</UniqueIdentifier>
      <Extensions>cpp;c;cc;cxx;def;odl;idl;hpj;bat;asm;asmx</Extensions>
    </Filter>
    <Filter Include="Header Files">
      <UniqueIdentifier>{93995380-89BD-4b04-88EB-625FBE52EBFB}</UniqueIdentifier>
      <Extensions>h;hh;hpp;hxx;hm;inl;inc;xsd</Extensions>
    </Filter>
    <Filter Include="Resource Files">
      <UniqueIdentifier>{67DA6AB6-F800-4c08-8B7A-83BB121AAD01}</UniqueIdentifier>
      <Extensions>rc;ico;cur;bmp;dlg;rc2;rct;bin;rgs;gif;jpg;jpeg;jpe;resx;tiff;tif;png;wav</Extensions>
    </Filter>
  </ItemGroup>
  <ItemGroup>
    <ClCompile Include="backtracking\graph_coloring.cpp">
      <Filter>Source Files</Filter>
    </ClCompile>
    <ClCompile Include="backtracking\knight_tour.cpp">
      <Filter>Source Files</Filter>
    </ClCompile>
    <ClCompile Include="backtracking\minimax.cpp">
      <Filter>Source Files</Filter>
    </ClCompile>
    <ClCompile Include="backtracking\nqueen_print_all_solutions.cpp">
      <Filter>Source Files</Filter>
    </ClCompile>
    <ClCompile Include="backtracking\n_queens.cpp">
      <Filter>Source Files</Filter>
    </ClCompile>
    <ClCompile Include="backtracking\n_queens_all_solution_optimised.cpp">
      <Filter>Source Files</Filter>
    </ClCompile>
    <ClCompile Include="backtracking\rat_maze.cpp">
      <Filter>Source Files</Filter>
    </ClCompile>
    <ClCompile Include="backtracking\sudoku_solve.cpp">
      <Filter>Source Files</Filter>
    </ClCompile>
    <ClCompile Include="computer_oriented_statistical_methods\Bisection_method.CPP">
      <Filter>Source Files</Filter>
    </ClCompile>
    <ClCompile Include="computer_oriented_statistical_methods\false-position.cpp">
      <Filter>Source Files</Filter>
    </ClCompile>
    <ClCompile Include="computer_oriented_statistical_methods\Gaussian_elimination.cpp">
      <Filter>Source Files</Filter>
    </ClCompile>
    <ClCompile Include="computer_oriented_statistical_methods\Newton_Raphson.CPP">
      <Filter>Source Files</Filter>
    </ClCompile>
    <ClCompile Include="computer_oriented_statistical_methods\ordinary_least_squares_regressor.cpp">
      <Filter>Source Files</Filter>
    </ClCompile>
    <ClCompile Include="computer_oriented_statistical_methods\Secant_method.CPP">
      <Filter>Source Files</Filter>
    </ClCompile>
    <ClCompile Include="computer_oriented_statistical_methods\successive_approximation.CPP">
      <Filter>Source Files</Filter>
    </ClCompile>
    <ClCompile Include="data_structure\AVLtree.cpp">
      <Filter>Source Files</Filter>
    </ClCompile>
    <ClCompile Include="data_structure\Binary Search Tree.cpp">
      <Filter>Source Files</Filter>
    </ClCompile>
    <ClCompile Include="data_structure\Binaryheap.cpp">
      <Filter>Source Files</Filter>
    </ClCompile>
    <ClCompile Include="data_structure\circular_Queue_using_Linked_List.cpp">
      <Filter>Source Files</Filter>
    </ClCompile>
    <ClCompile Include="data_structure\disjoint_set.cpp">
      <Filter>Source Files</Filter>
    </ClCompile>
    <ClCompile Include="data_structure\doubly_linked_list.cpp">
      <Filter>Source Files</Filter>
    </ClCompile>
    <ClCompile Include="data_structure\linkedList_implentation_usingArray.cpp">
      <Filter>Source Files</Filter>
    </ClCompile>
    <ClCompile Include="data_structure\linked_list.cpp">
      <Filter>Source Files</Filter>
    </ClCompile>
    <ClCompile Include="data_structure\List Array.cpp">
      <Filter>Source Files</Filter>
    </ClCompile>
    <ClCompile Include="data_structure\MorrisInorder.cpp">
      <Filter>Source Files</Filter>
    </ClCompile>
    <ClCompile Include="data_structure\Queue Using Array.cpp">
      <Filter>Source Files</Filter>
    </ClCompile>
    <ClCompile Include="data_structure\Queue Using Linked List.cpp">
      <Filter>Source Files</Filter>
    </ClCompile>
    <ClCompile Include="data_structure\queue_using_array.cpp">
      <Filter>Source Files</Filter>
    </ClCompile>
    <ClCompile Include="data_structure\queue_using_linkedlist.cpp">
      <Filter>Source Files</Filter>
    </ClCompile>
    <ClCompile Include="data_structure\Stack Using Array.cpp">
      <Filter>Source Files</Filter>
    </ClCompile>
    <ClCompile Include="data_structure\Stack Using Linked List.cpp">
      <Filter>Source Files</Filter>
    </ClCompile>
    <ClCompile Include="data_structure\Tree.cpp">
      <Filter>Source Files</Filter>
    </ClCompile>
    <ClCompile Include="data_structure\trie_modern.cpp">
      <Filter>Source Files</Filter>
    </ClCompile>
    <ClCompile Include="data_structure\trie_tree.cpp">
      <Filter>Source Files</Filter>
    </ClCompile>
    <ClCompile Include="data_structure\cll\cll.cpp">
      <Filter>Source Files</Filter>
    </ClCompile>
    <ClCompile Include="data_structure\cll\main_cll.cpp">
      <Filter>Source Files</Filter>
    </ClCompile>
    <ClCompile Include="data_structure\queue\queue.cpp">
      <Filter>Source Files</Filter>
    </ClCompile>
    <ClCompile Include="data_structure\queue\test_queue.cpp">
      <Filter>Source Files</Filter>
    </ClCompile>
    <ClCompile Include="data_structure\stk\main.cpp">
      <Filter>Source Files</Filter>
    </ClCompile>
    <ClCompile Include="data_structure\stk\stack.cpp">
      <Filter>Source Files</Filter>
    </ClCompile>
    <ClCompile Include="data_structure\stk\test_stack.cpp">
      <Filter>Source Files</Filter>
    </ClCompile>
    <ClCompile Include="dynamic_programming\0-1 Knapsack.cpp">
      <Filter>Source Files</Filter>
    </ClCompile>
    <ClCompile Include="dynamic_programming\armstrong_number.cpp">
      <Filter>Source Files</Filter>
    </ClCompile>
    <ClCompile Include="dynamic_programming\Bellman-Ford.cpp">
      <Filter>Source Files</Filter>
    </ClCompile>
    <ClCompile Include="dynamic_programming\Catalan-Numbers.cpp">
      <Filter>Source Files</Filter>
    </ClCompile>
    <ClCompile Include="dynamic_programming\Coin-Change.cpp">
      <Filter>Source Files</Filter>
    </ClCompile>
    <ClCompile Include="dynamic_programming\Cut Rod.cpp">
      <Filter>Source Files</Filter>
    </ClCompile>
    <ClCompile Include="dynamic_programming\Edit Distance.cpp">
      <Filter>Source Files</Filter>
    </ClCompile>
    <ClCompile Include="dynamic_programming\Egg-Dropping-Puzzle.cpp">
      <Filter>Source Files</Filter>
    </ClCompile>
    <ClCompile Include="dynamic_programming\Fibonacci_Bottom_Up.cpp">
      <Filter>Source Files</Filter>
    </ClCompile>
    <ClCompile Include="dynamic_programming\Fibonacci_Top_Down.cpp">
      <Filter>Source Files</Filter>
    </ClCompile>
    <ClCompile Include="dynamic_programming\Floyd-Warshall.cpp">
      <Filter>Source Files</Filter>
    </ClCompile>
    <ClCompile Include="dynamic_programming\kadane.cpp">
      <Filter>Source Files</Filter>
    </ClCompile>
    <ClCompile Include="dynamic_programming\Longest Common Subsequence.cpp">
      <Filter>Source Files</Filter>
    </ClCompile>
    <ClCompile Include="dynamic_programming\Longest Increasing Subsequence (nlogn).cpp">
      <Filter>Source Files</Filter>
    </ClCompile>
    <ClCompile Include="dynamic_programming\Longest Increasing Subsequence.cpp">
      <Filter>Source Files</Filter>
    </ClCompile>
    <ClCompile Include="dynamic_programming\longest_common_string.cpp">
      <Filter>Source Files</Filter>
    </ClCompile>
    <ClCompile Include="dynamic_programming\Matrix-Chain-Multiplication.cpp">
      <Filter>Source Files</Filter>
    </ClCompile>
    <ClCompile Include="dynamic_programming\searching_of_element_in_dynamic_array.cpp">
      <Filter>Source Files</Filter>
    </ClCompile>
    <ClCompile Include="dynamic_programming\tree_height.cpp">
      <Filter>Source Files</Filter>
    </ClCompile>
    <ClCompile Include="geometry\line_segment_intersection.cpp">
      <Filter>Source Files</Filter>
    </ClCompile>
    <ClCompile Include="graph\BFS.cpp">
      <Filter>Source Files</Filter>
    </ClCompile>
    <ClCompile Include="graph\bridge_finding_with_tarjan_algorithm.cpp">
      <Filter>Source Files</Filter>
    </ClCompile>
    <ClCompile Include="graph\connected_components.cpp">
      <Filter>Source Files</Filter>
    </ClCompile>
    <ClCompile Include="graph\connected_components_with_dsu.cpp">
      <Filter>Source Files</Filter>
    </ClCompile>
    <ClCompile Include="graph\DFS.cpp">
      <Filter>Source Files</Filter>
    </ClCompile>
    <ClCompile Include="graph\Dijkstra.cpp">
      <Filter>Source Files</Filter>
    </ClCompile>
    <ClCompile Include="graph\kosaraju.cpp">
      <Filter>Source Files</Filter>
    </ClCompile>
    <ClCompile Include="graph\Kruskal.cpp">
      <Filter>Source Files</Filter>
    </ClCompile>
    <ClCompile Include="graph\lca.cpp">
      <Filter>Source Files</Filter>
    </ClCompile>
    <ClCompile Include="graph\max_flow_with_ford_fulkerson_and_edmond_karp_algo.cpp">
      <Filter>Source Files</Filter>
    </ClCompile>
    <ClCompile Include="graph\prim.cpp">
      <Filter>Source Files</Filter>
    </ClCompile>
    <ClCompile Include="graph\Topological-Sort.cpp">
      <Filter>Source Files</Filter>
    </ClCompile>
    <ClCompile Include="graph\topological_sort_by_kahns_algo.cpp">
      <Filter>Source Files</Filter>
    </ClCompile>
    <ClCompile Include="graph\DFS_with_stack.cc">
      <Filter>Source Files</Filter>
    </ClCompile>
    <ClCompile Include="greedy_algorithms\Dijkstra.cpp">
      <Filter>Source Files</Filter>
    </ClCompile>
    <ClCompile Include="greedy_algorithms\huffman.cpp">
      <Filter>Source Files</Filter>
    </ClCompile>
    <ClCompile Include="greedy_algorithms\Knapsack.cpp">
      <Filter>Source Files</Filter>
    </ClCompile>
    <ClCompile Include="greedy_algorithms\Kruskals Minimum Spanning Tree.cpp">
      <Filter>Source Files</Filter>
    </ClCompile>
    <ClCompile Include="greedy_algorithms\Prims Minimum Spanning Tree.cpp">
      <Filter>Source Files</Filter>
    </ClCompile>
    <ClCompile Include="hashing\Chaining.cpp">
      <Filter>Source Files</Filter>
    </ClCompile>
    <ClCompile Include="hashing\double_hash_hash_table.cpp">
      <Filter>Source Files</Filter>
    </ClCompile>
    <ClCompile Include="hashing\linear_probing_hash_table.cpp">
      <Filter>Source Files</Filter>
    </ClCompile>
    <ClCompile Include="hashing\quadratic_probing_hash_table.cpp">
      <Filter>Source Files</Filter>
    </ClCompile>
    <ClCompile Include="math\binary_exponent.cpp">
      <Filter>Source Files</Filter>
    </ClCompile>
    <ClCompile Include="math\double_factorial.cpp">
      <Filter>Source Files</Filter>
    </ClCompile>
    <ClCompile Include="math\eulers_totient_function.cpp">
      <Filter>Source Files</Filter>
    </ClCompile>
    <ClCompile Include="math\extended_euclid_algorithm.cpp">
      <Filter>Source Files</Filter>
    </ClCompile>
    <ClCompile Include="math\factorial.cpp">
      <Filter>Source Files</Filter>
    </ClCompile>
    <ClCompile Include="math\fast_power.cpp">
      <Filter>Source Files</Filter>
    </ClCompile>
    <ClCompile Include="math\fibonacci.cpp">
      <Filter>Source Files</Filter>
    </ClCompile>
    <ClCompile Include="math\greatest_common_divisor.cpp">
      <Filter>Source Files</Filter>
    </ClCompile>
    <ClCompile Include="math\greatest_common_divisor_euclidean.cpp">
      <Filter>Source Files</Filter>
    </ClCompile>
    <ClCompile Include="math\modular_inverse_fermat_little_theorem.cpp">
      <Filter>Source Files</Filter>
    </ClCompile>
    <ClCompile Include="math\number_of_positive_divisors.cpp">
      <Filter>Source Files</Filter>
    </ClCompile>
    <ClCompile Include="math\power_for_huge_numbers.cpp">
      <Filter>Source Files</Filter>
    </ClCompile>
    <ClCompile Include="math\primes_up_to_10^8.cpp">
      <Filter>Source Files</Filter>
    </ClCompile>
    <ClCompile Include="math\prime_factorization.cpp">
      <Filter>Source Files</Filter>
    </ClCompile>
    <ClCompile Include="math\prime_numbers.cpp">
      <Filter>Source Files</Filter>
    </ClCompile>
    <ClCompile Include="math\sieve_of_eratosthenes.cpp">
      <Filter>Source Files</Filter>
    </ClCompile>
    <ClCompile Include="math\sqrt_double.cpp">
      <Filter>Source Files</Filter>
    </ClCompile>
    <ClCompile Include="operations_on_datastructures\Array Left Rotation.cpp">
      <Filter>Source Files</Filter>
    </ClCompile>
    <ClCompile Include="operations_on_datastructures\Array Right Rotation.cpp">
      <Filter>Source Files</Filter>
    </ClCompile>
    <ClCompile Include="operations_on_datastructures\Circular Linked List.cpp">
      <Filter>Source Files</Filter>
    </ClCompile>
    <ClCompile Include="operations_on_datastructures\Circular Queue Using Array.cpp">
      <Filter>Source Files</Filter>
    </ClCompile>
    <ClCompile Include="operations_on_datastructures\get_size_of_linked_list.cpp">
      <Filter>Source Files</Filter>
    </ClCompile>
    <ClCompile Include="operations_on_datastructures\Intersection_of_2_arrays.cpp">
      <Filter>Source Files</Filter>
    </ClCompile>
    <ClCompile Include="operations_on_datastructures\Reverse a Linked List using Recusion.cpp">
      <Filter>Source Files</Filter>
    </ClCompile>
    <ClCompile Include="operations_on_datastructures\selectionSortLinkedList.cpp">
      <Filter>Source Files</Filter>
    </ClCompile>
    <ClCompile Include="operations_on_datastructures\Union_of_2_arrays.cpp">
      <Filter>Source Files</Filter>
    </ClCompile>
    <ClCompile Include="others\Buzz_number.cpp">
      <Filter>Source Files</Filter>
    </ClCompile>
    <ClCompile Include="others\Decimal To Binary.cpp">
      <Filter>Source Files</Filter>
    </ClCompile>
    <ClCompile Include="others\Decimal To Hexadecimal .cpp">
      <Filter>Source Files</Filter>
    </ClCompile>
    <ClCompile Include="others\Decimal to Roman Numeral.cpp">
      <Filter>Source Files</Filter>
    </ClCompile>
    <ClCompile Include="others\fast_interger_input.cpp">
      <Filter>Source Files</Filter>
    </ClCompile>
    <ClCompile Include="others\fibonacci.cpp">
      <Filter>Source Files</Filter>
    </ClCompile>
    <ClCompile Include="others\GCD_of_n_numbers.cpp">
      <Filter>Source Files</Filter>
    </ClCompile>
    <ClCompile Include="others\happy_number.cpp">
      <Filter>Source Files</Filter>
    </ClCompile>
    <ClCompile Include="others\matrix_exponentiation.cpp">
      <Filter>Source Files</Filter>
    </ClCompile>
    <ClCompile Include="others\measure_time_elapsed.cpp">
      <Filter>Source Files</Filter>
    </ClCompile>
    <ClCompile Include="others\Palindromeofnumber.cpp">
      <Filter>Source Files</Filter>
    </ClCompile>
    <ClCompile Include="others\Paranthesis Matching.cpp">
      <Filter>Source Files</Filter>
    </ClCompile>
    <ClCompile Include="others\pascal_triangle.cpp">
      <Filter>Source Files</Filter>
    </ClCompile>
    <ClCompile Include="others\Primality Test.cpp">
      <Filter>Source Files</Filter>
    </ClCompile>
    <ClCompile Include="others\sieve_of_Eratosthenes.cpp">
      <Filter>Source Files</Filter>
    </ClCompile>
    <ClCompile Include="others\smallest-circle.cpp">
      <Filter>Source Files</Filter>
    </ClCompile>
    <ClCompile Include="others\Sparse matrix.cpp">
      <Filter>Source Files</Filter>
    </ClCompile>
    <ClCompile Include="others\spiral_print.cpp">
      <Filter>Source Files</Filter>
    </ClCompile>
    <ClCompile Include="others\stairs_pattern.cpp">
      <Filter>Source Files</Filter>
    </ClCompile>
    <ClCompile Include="others\Strassen Matrix Multiplication.cpp">
      <Filter>Source Files</Filter>
    </ClCompile>
    <ClCompile Include="others\String Fibonacci.cpp">
      <Filter>Source Files</Filter>
    </ClCompile>
    <ClCompile Include="others\Tower of Hanoi.cpp">
      <Filter>Source Files</Filter>
    </ClCompile>
    <ClCompile Include="others\vector_important_functions.cpp">
      <Filter>Source Files</Filter>
    </ClCompile>
    <ClCompile Include="probability\addition_rule.cpp">
      <Filter>Source Files</Filter>
    </ClCompile>
    <ClCompile Include="probability\bayes_theorem.cpp">
      <Filter>Source Files</Filter>
    </ClCompile>
    <ClCompile Include="probability\binomial_dist.cpp">
      <Filter>Source Files</Filter>
    </ClCompile>
    <ClCompile Include="probability\poisson_dist.cpp">
      <Filter>Source Files</Filter>
    </ClCompile>
    <ClCompile Include="range_queries\bit.cpp">
      <Filter>Source Files</Filter>
    </ClCompile>
    <ClCompile Include="range_queries\FenwickTree.cpp">
      <Filter>Source Files</Filter>
    </ClCompile>
    <ClCompile Include="range_queries\MO.cpp">
      <Filter>Source Files</Filter>
    </ClCompile>
    <ClCompile Include="range_queries\segTree.cpp">
      <Filter>Source Files</Filter>
    </ClCompile>
    <ClCompile Include="search\binary_search.cpp">
      <Filter>Source Files</Filter>
    </ClCompile>
    <ClCompile Include="search\exponential_search.cpp">
      <Filter>Source Files</Filter>
    </ClCompile>
    <ClCompile Include="search\hash_search.cpp">
      <Filter>Source Files</Filter>
    </ClCompile>
    <ClCompile Include="search\Interpolation Search.cpp">
      <Filter>Source Files</Filter>
    </ClCompile>
    <ClCompile Include="search\interpolation_search.cpp">
      <Filter>Source Files</Filter>
    </ClCompile>
    <ClCompile Include="search\jump_search.cpp">
      <Filter>Source Files</Filter>
    </ClCompile>
    <ClCompile Include="search\Linear Search.cpp">
      <Filter>Source Files</Filter>
    </ClCompile>
    <ClCompile Include="search\median_search.cpp">
      <Filter>Source Files</Filter>
    </ClCompile>
    <ClCompile Include="search\searching.cpp">
      <Filter>Source Files</Filter>
    </ClCompile>
    <ClCompile Include="search\ternary_search.cpp">
      <Filter>Source Files</Filter>
    </ClCompile>
    <ClCompile Include="sorting\BeadSort.cpp">
      <Filter>Source Files</Filter>
    </ClCompile>
    <ClCompile Include="sorting\BitonicSort.cpp">
      <Filter>Source Files</Filter>
    </ClCompile>
    <ClCompile Include="sorting\Bubble Sort.cpp">
      <Filter>Source Files</Filter>
    </ClCompile>
    <ClCompile Include="sorting\bucketSort.cpp">
      <Filter>Source Files</Filter>
    </ClCompile>
    <ClCompile Include="sorting\CocktailSelectionSort.cpp">
      <Filter>Source Files</Filter>
    </ClCompile>
    <ClCompile Include="sorting\combsort.cpp">
      <Filter>Source Files</Filter>
    </ClCompile>
    <ClCompile Include="sorting\CountingSortString.cpp">
      <Filter>Source Files</Filter>
    </ClCompile>
    <ClCompile Include="sorting\Counting_Sort.cpp">
      <Filter>Source Files</Filter>
    </ClCompile>
    <ClCompile Include="sorting\heap_sort.cpp">
      <Filter>Source Files</Filter>
    </ClCompile>
    <ClCompile Include="sorting\Insertion Sort.cpp">
      <Filter>Source Files</Filter>
    </ClCompile>
    <ClCompile Include="sorting\library_sort.cpp">
      <Filter>Source Files</Filter>
    </ClCompile>
    <ClCompile Include="sorting\Merge Sort.cpp">
      <Filter>Source Files</Filter>
    </ClCompile>
    <ClCompile Include="sorting\non_recursive_merge_sort.cpp">
      <Filter>Source Files</Filter>
    </ClCompile>
    <ClCompile Include="sorting\NumericStringSort.cpp">
      <Filter>Source Files</Filter>
    </ClCompile>
    <ClCompile Include="sorting\OddEven Sort.cpp">
      <Filter>Source Files</Filter>
    </ClCompile>
    <ClCompile Include="sorting\quick_sort.cpp">
      <Filter>Source Files</Filter>
    </ClCompile>
    <ClCompile Include="sorting\Radix Sort.cpp">
      <Filter>Source Files</Filter>
    </ClCompile>
    <ClCompile Include="sorting\Selection Sort.cpp">
      <Filter>Source Files</Filter>
    </ClCompile>
    <ClCompile Include="sorting\Shell Sort.cpp">
      <Filter>Source Files</Filter>
    </ClCompile>
    <ClCompile Include="sorting\Slow Sort.cpp">
      <Filter>Source Files</Filter>
    </ClCompile>
    <ClCompile Include="sorting\swap_sort.cpp">
      <Filter>Source Files</Filter>
    </ClCompile>
    <ClCompile Include="sorting\Tim Sort.cpp">
      <Filter>Source Files</Filter>
    </ClCompile>
    <ClCompile Include="strings\brute_force_string_searching.cpp">
      <Filter>Source Files</Filter>
    </ClCompile>
    <ClCompile Include="strings\knuth_morris_pratt.cpp">
      <Filter>Source Files</Filter>
    </ClCompile>
    <ClCompile Include="strings\rabin_karp.cpp">
      <Filter>Source Files</Filter>
    </ClCompile>
  </ItemGroup>
  <ItemGroup>
    <ClInclude Include="data_structure\cll\cll.h">
      <Filter>Header Files</Filter>
    </ClInclude>
    <ClInclude Include="data_structure\queue\queue.h">
      <Filter>Header Files</Filter>
    </ClInclude>
    <ClInclude Include="data_structure\stk\stack.h">
      <Filter>Header Files</Filter>
    </ClInclude>
  </ItemGroup>
</Project>